
Microsoft Visual Studio Solution File, Format Version 12.00
# Visual Studio Version 16
VisualStudioVersion = 16.0.33423.256
MinimumVisualStudioVersion = 10.0.40219.1
Project("{8BC9CEB8-8B4A-11D0-8D11-00A0C91BC942}") = "Project21", "Project21\Project21.vcxproj", "{E791A59E-34CB-48E7-85A3-AE2538287111}"
EndProject
Global
	GlobalSection(SolutionConfigurationPlatforms) = preSolution
		Debug|x64 = Debug|x64
		Debug|x86 = Debug|x86
		Release|x64 = Release|x64
		Release|x86 = Release|x86
	EndGlobalSection
	GlobalSection(ProjectConfigurationPlatforms) = postSolution
		{E791A59E-34CB-48E7-85A3-AE2538287111}.Debug|x64.ActiveCfg = Debug|x64
		{E791A59E-34CB-48E7-85A3-AE2538287111}.Debug|x64.Build.0 = Debug|x64
		{E791A59E-34CB-48E7-85A3-AE2538287111}.Debug|x86.ActiveCfg = Debug|Win32
		{E791A59E-34CB-48E7-85A3-AE2538287111}.Debug|x86.Build.0 = Debug|Win32
		{E791A59E-34CB-48E7-85A3-AE2538287111}.Release|x64.ActiveCfg = Release|x64
		{E791A59E-34CB-48E7-85A3-AE2538287111}.Release|x64.Build.0 = Release|x64
		{E791A59E-34CB-48E7-85A3-AE2538287111}.Release|x86.ActiveCfg = Release|Win32
		{E791A59E-34CB-48E7-85A3-AE2538287111}.Release|x86.Build.0 = Release|Win32
	EndGlobalSection
	GlobalSection(SolutionProperties) = preSolution
		HideSolutionNode = FALSE
	EndGlobalSection
	GlobalSection(ExtensibilityGlobals) = postSolution
		SolutionGuid = {57006F4B-6760-47B9-8582-CD29578D4FD1}
	EndGlobalSection
EndGlobal
